// !$*UTF8*$!
{
	archiveVersion = 1;
	classes = {
	};
	objectVersion = 50;
	objects = {

/* Begin PBXBuildFile section */
		0A208D2F22DD1B480056A5FE /* AppDelegate.swift in Sources */ = {isa = PBXBuildFile; fileRef = 0A208D2E22DD1B480056A5FE /* AppDelegate.swift */; };
		0A208D3122DD1B480056A5FE /* ViewController.swift in Sources */ = {isa = PBXBuildFile; fileRef = 0A208D3022DD1B480056A5FE /* ViewController.swift */; };
		0A208D3422DD1B480056A5FE /* Main.storyboard in Resources */ = {isa = PBXBuildFile; fileRef = 0A208D3222DD1B480056A5FE /* Main.storyboard */; };
		0A208D3622DD1B4B0056A5FE /* Assets.xcassets in Resources */ = {isa = PBXBuildFile; fileRef = 0A208D3522DD1B4B0056A5FE /* Assets.xcassets */; };
		0A208D3922DD1B4B0056A5FE /* LaunchScreen.storyboard in Resources */ = {isa = PBXBuildFile; fileRef = 0A208D3722DD1B4B0056A5FE /* LaunchScreen.storyboard */; };
		0A208D4422DD1B4B0056A5FE /* myfirstswiftappTests.swift in Sources */ = {isa = PBXBuildFile; fileRef = 0A208D4322DD1B4B0056A5FE /* myfirstswiftappTests.swift */; };
		0A208D4F22DD1B4B0056A5FE /* myfirstswiftappUITests.swift in Sources */ = {isa = PBXBuildFile; fileRef = 0A208D4E22DD1B4B0056A5FE /* myfirstswiftappUITests.swift */; };
/* End PBXBuildFile section */

/* Begin PBXContainerItemProxy section */
		0A208D4022DD1B4B0056A5FE /* PBXContainerItemProxy */ = {
			isa = PBXContainerItemProxy;
			containerPortal = 0A208D2322DD1B480056A5FE /* Project object */;
			proxyType = 1;
			remoteGlobalIDString = 0A208D2A22DD1B480056A5FE;
			remoteInfo = myfirstswiftapp;
		};
		0A208D4B22DD1B4B0056A5FE /* PBXContainerItemProxy */ = {
			isa = PBXContainerItemProxy;
			containerPortal = 0A208D2322DD1B480056A5FE /* Project object */;
			proxyType = 1;
			remoteGlobalIDString = 0A208D2A22DD1B480056A5FE;
			remoteInfo = myfirstswiftapp;
		};
/* End PBXContainerItemProxy section */

/* Begin PBXFileReference section */
		0A208D2B22DD1B480056A5FE /* myfirstswiftapp.app */ = {isa = PBXFileReference; explicitFileType = wrapper.application; includeInIndex = 0; path = myfirstswiftapp.app; sourceTree = BUILT_PRODUCTS_DIR; };
		0A208D2E22DD1B480056A5FE /* AppDelegate.swift */ = {isa = PBXFileReference; lastKnownFileType = sourcecode.swift; path = AppDelegate.swift; sourceTree = "<group>"; };
		0A208D3022DD1B480056A5FE /* ViewController.swift */ = {isa = PBXFileReference; lastKnownFileType = sourcecode.swift; path = ViewController.swift; sourceTree = "<group>"; };
		0A208D3322DD1B480056A5FE /* Base */ = {isa = PBXFileReference; lastKnownFileType = file.storyboard; name = Base; path = Base.lproj/Main.storyboard; sourceTree = "<group>"; };
		0A208D3522DD1B4B0056A5FE /* Assets.xcassets */ = {isa = PBXFileReference; lastKnownFileType = folder.assetcatalog; path = Assets.xcassets; sourceTree = "<group>"; };
		0A208D3822DD1B4B0056A5FE /* Base */ = {isa = PBXFileReference; lastKnownFileType = file.storyboard; name = Base; path = Base.lproj/LaunchScreen.storyboard; sourceTree = "<group>"; };
		0A208D3A22DD1B4B0056A5FE /* Info.plist */ = {isa = PBXFileReference; lastKnownFileType = text.plist.xml; path = Info.plist; sourceTree = "<group>"; };
		0A208D3F22DD1B4B0056A5FE /* myfirstswiftappTests.xctest */ = {isa = PBXFileReference; explicitFileType = wrapper.cfbundle; includeInIndex = 0; path = myfirstswiftappTests.xctest; sourceTree = BUILT_PRODUCTS_DIR; };
		0A208D4322DD1B4B0056A5FE /* myfirstswiftappTests.swift */ = {isa = PBXFileReference; lastKnownFileType = sourcecode.swift; path = myfirstswiftappTests.swift; sourceTree = "<group>"; };
		0A208D4522DD1B4B0056A5FE /* Info.plist */ = {isa = PBXFileReference; lastKnownFileType = text.plist.xml; path = Info.plist; sourceTree = "<group>"; };
		0A208D4A22DD1B4B0056A5FE /* myfirstswiftappUITests.xctest */ = {isa = PBXFileReference; explicitFileType = wrapper.cfbundle; includeInIndex = 0; path = myfirstswiftappUITests.xctest; sourceTree = BUILT_PRODUCTS_DIR; };
		0A208D4E22DD1B4B0056A5FE /* myfirstswiftappUITests.swift */ = {isa = PBXFileReference; lastKnownFileType = sourcecode.swift; path = myfirstswiftappUITests.swift; sourceTree = "<group>"; };
		0A208D5022DD1B4B0056A5FE /* Info.plist */ = {isa = PBXFileReference; lastKnownFileType = text.plist.xml; path = Info.plist; sourceTree = "<group>"; };
/* End PBXFileReference section */

/* Begin PBXFrameworksBuildPhase section */
		0A208D2822DD1B480056A5FE /* Frameworks */ = {
			isa = PBXFrameworksBuildPhase;
			buildActionMask = 2147483647;
			files = (
			);
			runOnlyForDeploymentPostprocessing = 0;
		};
		0A208D3C22DD1B4B0056A5FE /* Frameworks */ = {
			isa = PBXFrameworksBuildPhase;
			buildActionMask = 2147483647;
			files = (
			);
			runOnlyForDeploymentPostprocessing = 0;
		};
		0A208D4722DD1B4B0056A5FE /* Frameworks */ = {
			isa = PBXFrameworksBuildPhase;
			buildActionMask = 2147483647;
			files = (
			);
			runOnlyForDeploymentPostprocessing = 0;
		};
/* End PBXFrameworksBuildPhase section */

/* Begin PBXGroup section */
		0A208D2222DD1B480056A5FE = {
			isa = PBXGroup;
			children = (
				0A208D2D22DD1B480056A5FE /* myfirstswiftapp */,
				0A208D4222DD1B4B0056A5FE /* myfirstswiftappTests */,
				0A208D4D22DD1B4B0056A5FE /* myfirstswiftappUITests */,
				0A208D2C22DD1B480056A5FE /* Products */,
			);
			sourceTree = "<group>";
		};
		0A208D2C22DD1B480056A5FE /* Products */ = {
			isa = PBXGroup;
			children = (
				0A208D2B22DD1B480056A5FE /* myfirstswiftapp.app */,
				0A208D3F22DD1B4B0056A5FE /* myfirstswiftappTests.xctest */,
				0A208D4A22DD1B4B0056A5FE /* myfirstswiftappUITests.xctest */,
			);
			name = Products;
			sourceTree = "<group>";
		};
		0A208D2D22DD1B480056A5FE /* myfirstswiftapp */ = {
			isa = PBXGroup;
			children = (
				0A208D2E22DD1B480056A5FE /* AppDelegate.swift */,
				0A208D3022DD1B480056A5FE /* ViewController.swift */,
				0A208D3222DD1B480056A5FE /* Main.storyboard */,
				0A208D3522DD1B4B0056A5FE /* Assets.xcassets */,
				0A208D3722DD1B4B0056A5FE /* LaunchScreen.storyboard */,
				0A208D3A22DD1B4B0056A5FE /* Info.plist */,
			);
			path = myfirstswiftapp;
			sourceTree = "<group>";
		};
		0A208D4222DD1B4B0056A5FE /* myfirstswiftappTests */ = {
			isa = PBXGroup;
			children = (
				0A208D4322DD1B4B0056A5FE /* myfirstswiftappTests.swift */,
				0A208D4522DD1B4B0056A5FE /* Info.plist */,
			);
			path = myfirstswiftappTests;
			sourceTree = "<group>";
		};
		0A208D4D22DD1B4B0056A5FE /* myfirstswiftappUITests */ = {
			isa = PBXGroup;
			children = (
				0A208D4E22DD1B4B0056A5FE /* myfirstswiftappUITests.swift */,
				0A208D5022DD1B4B0056A5FE /* Info.plist */,
			);
			path = myfirstswiftappUITests;
			sourceTree = "<group>";
		};
/* End PBXGroup section */

/* Begin PBXNativeTarget section */
		0A208D2A22DD1B480056A5FE /* myfirstswiftapp */ = {
			isa = PBXNativeTarget;
			buildConfigurationList = 0A208D5322DD1B4B0056A5FE /* Build configuration list for PBXNativeTarget "myfirstswiftapp" */;
			buildPhases = (
				0A208D2722DD1B480056A5FE /* Sources */,
				0A208D2822DD1B480056A5FE /* Frameworks */,
				0A208D2922DD1B480056A5FE /* Resources */,
			);
			buildRules = (
			);
			dependencies = (
			);
			name = myfirstswiftapp;
			productName = myfirstswiftapp;
			productReference = 0A208D2B22DD1B480056A5FE /* myfirstswiftapp.app */;
			productType = "com.apple.product-type.application";
		};
		0A208D3E22DD1B4B0056A5FE /* myfirstswiftappTests */ = {
			isa = PBXNativeTarget;
			buildConfigurationList = 0A208D5622DD1B4B0056A5FE /* Build configuration list for PBXNativeTarget "myfirstswiftappTests" */;
			buildPhases = (
				0A208D3B22DD1B4B0056A5FE /* Sources */,
				0A208D3C22DD1B4B0056A5FE /* Frameworks */,
				0A208D3D22DD1B4B0056A5FE /* Resources */,
			);
			buildRules = (
			);
			dependencies = (
				0A208D4122DD1B4B0056A5FE /* PBXTargetDependency */,
			);
			name = myfirstswiftappTests;
			productName = myfirstswiftappTests;
			productReference = 0A208D3F22DD1B4B0056A5FE /* myfirstswiftappTests.xctest */;
			productType = "com.apple.product-type.bundle.unit-test";
		};
		0A208D4922DD1B4B0056A5FE /* myfirstswiftappUITests */ = {
			isa = PBXNativeTarget;
			buildConfigurationList = 0A208D5922DD1B4B0056A5FE /* Build configuration list for PBXNativeTarget "myfirstswiftappUITests" */;
			buildPhases = (
				0A208D4622DD1B4B0056A5FE /* Sources */,
				0A208D4722DD1B4B0056A5FE /* Frameworks */,
				0A208D4822DD1B4B0056A5FE /* Resources */,
			);
			buildRules = (
			);
			dependencies = (
				0A208D4C22DD1B4B0056A5FE /* PBXTargetDependency */,
			);
			name = myfirstswiftappUITests;
			productName = myfirstswiftappUITests;
			productReference = 0A208D4A22DD1B4B0056A5FE /* myfirstswiftappUITests.xctest */;
			productType = "com.apple.product-type.bundle.ui-testing";
		};
/* End PBXNativeTarget section */

/* Begin PBXProject section */
		0A208D2322DD1B480056A5FE /* Project object */ = {
			isa = PBXProject;
			attributes = {
				LastSwiftUpdateCheck = 1020;
				LastUpgradeCheck = 1020;
				ORGANIZATIONNAME = "Sophia Lee";
				TargetAttributes = {
					0A208D2A22DD1B480056A5FE = {
						CreatedOnToolsVersion = 10.2.1;
					};
					0A208D3E22DD1B4B0056A5FE = {
						CreatedOnToolsVersion = 10.2.1;
						TestTargetID = 0A208D2A22DD1B480056A5FE;
					};
					0A208D4922DD1B4B0056A5FE = {
						CreatedOnToolsVersion = 10.2.1;
						TestTargetID = 0A208D2A22DD1B480056A5FE;
					};
				};
			};
			buildConfigurationList = 0A208D2622DD1B480056A5FE /* Build configuration list for PBXProject "myfirstswiftapp" */;
			compatibilityVersion = "Xcode 9.3";
			developmentRegion = en;
			hasScannedForEncodings = 0;
			knownRegions = (
				en,
				Base,
			);
			mainGroup = 0A208D2222DD1B480056A5FE;
			productRefGroup = 0A208D2C22DD1B480056A5FE /* Products */;
			projectDirPath = "";
			projectRoot = "";
			targets = (
				0A208D2A22DD1B480056A5FE /* myfirstswiftapp */,
				0A208D3E22DD1B4B0056A5FE /* myfirstswiftappTests */,
				0A208D4922DD1B4B0056A5FE /* myfirstswiftappUITests */,
			);
		};
/* End PBXProject section */

/* Begin PBXResourcesBuildPhase section */
		0A208D2922DD1B480056A5FE /* Resources */ = {
			isa = PBXResourcesBuildPhase;
			buildActionMask = 2147483647;
			files = (
				0A208D3922DD1B4B0056A5FE /* LaunchScreen.storyboard in Resources */,
				0A208D3622DD1B4B0056A5FE /* Assets.xcassets in Resources */,
				0A208D3422DD1B480056A5FE /* Main.storyboard in Resources */,
			);
			runOnlyForDeploymentPostprocessing = 0;
		};
		0A208D3D22DD1B4B0056A5FE /* Resources */ = {
			isa = PBXResourcesBuildPhase;
			buildActionMask = 2147483647;
			files = (
			);
			runOnlyForDeploymentPostprocessing = 0;
		};
		0A208D4822DD1B4B0056A5FE /* Resources */ = {
			isa = PBXResourcesBuildPhase;
			buildActionMask = 2147483647;
			files = (
			);
			runOnlyForDeploymentPostprocessing = 0;
		};
/* End PBXResourcesBuildPhase section */

/* Begin PBXSourcesBuildPhase section */
		0A208D2722DD1B480056A5FE /* Sources */ = {
			isa = PBXSourcesBuildPhase;
			buildActionMask = 2147483647;
			files = (
				0A208D3122DD1B480056A5FE /* ViewController.swift in Sources */,
				0A208D2F22DD1B480056A5FE /* AppDelegate.swift in Sources */,
			);
			runOnlyForDeploymentPostprocessing = 0;
		};
		0A208D3B22DD1B4B0056A5FE /* Sources */ = {
			isa = PBXSourcesBuildPhase;
			buildActionMask = 2147483647;
			files = (
				0A208D4422DD1B4B0056A5FE /* myfirstswiftappTests.swift in Sources */,
			);
			runOnlyForDeploymentPostprocessing = 0;
		};
		0A208D4622DD1B4B0056A5FE /* Sources */ = {
			isa = PBXSourcesBuildPhase;
			buildActionMask = 2147483647;
			files = (
				0A208D4F22DD1B4B0056A5FE /* myfirstswiftappUITests.swift in Sources */,
			);
			runOnlyForDeploymentPostprocessing = 0;
		};
/* End PBXSourcesBuildPhase section */

/* Begin PBXTargetDependency section */
		0A208D4122DD1B4B0056A5FE /* PBXTargetDependency */ = {
			isa = PBXTargetDependency;
			target = 0A208D2A22DD1B480056A5FE /* myfirstswiftapp */;
			targetProxy = 0A208D4022DD1B4B0056A5FE /* PBXContainerItemProxy */;
		};
		0A208D4C22DD1B4B0056A5FE /* PBXTargetDependency */ = {
			isa = PBXTargetDependency;
			target = 0A208D2A22DD1B480056A5FE /* myfirstswiftapp */;
			targetProxy = 0A208D4B22DD1B4B0056A5FE /* PBXContainerItemProxy */;
		};
/* End PBXTargetDependency section */

/* Begin PBXVariantGroup section */
		0A208D3222DD1B480056A5FE /* Main.storyboard */ = {
			isa = PBXVariantGroup;
			children = (
				0A208D3322DD1B480056A5FE /* Base */,
			);
			name = Main.storyboard;
			sourceTree = "<group>";
		};
		0A208D3722DD1B4B0056A5FE /* LaunchScreen.storyboard */ = {
			isa = PBXVariantGroup;
			children = (
				0A208D3822DD1B4B0056A5FE /* Base */,
			);
			name = LaunchScreen.storyboard;
			sourceTree = "<group>";
		};
/* End PBXVariantGroup section */

/* Begin XCBuildConfiguration section */
		0A208D5122DD1B4B0056A5FE /* Debug */ = {
			isa = XCBuildConfiguration;
			buildSettings = {
				ALWAYS_SEARCH_USER_PATHS = NO;
				CLANG_ANALYZER_NONNULL = YES;
				CLANG_ANALYZER_NUMBER_OBJECT_CONVERSION = YES_AGGRESSIVE;
				CLANG_CXX_LANGUAGE_STANDARD = "gnu++14";
				CLANG_CXX_LIBRARY = "libc++";
				CLANG_ENABLE_MODULES = YES;
				CLANG_ENABLE_OBJC_ARC = YES;
				CLANG_ENABLE_OBJC_WEAK = YES;
				CLANG_WARN_BLOCK_CAPTURE_AUTORELEASING = YES;
				CLANG_WARN_BOOL_CONVERSION = YES;
				CLANG_WARN_COMMA = YES;
				CLANG_WARN_CONSTANT_CONVERSION = YES;
				CLANG_WARN_DEPRECATED_OBJC_IMPLEMENTATIONS = YES;
				CLANG_WARN_DIRECT_OBJC_ISA_USAGE = YES_ERROR;
				CLANG_WARN_DOCUMENTATION_COMMENTS = YES;
				CLANG_WARN_EMPTY_BODY = YES;
				CLANG_WARN_ENUM_CONVERSION = YES;
				CLANG_WARN_INFINITE_RECURSION = YES;
				CLANG_WARN_INT_CONVERSION = YES;
				CLANG_WARN_NON_LITERAL_NULL_CONVERSION = YES;
				CLANG_WARN_OBJC_IMPLICIT_RETAIN_SELF = YES;
				CLANG_WARN_OBJC_LITERAL_CONVERSION = YES;
				CLANG_WARN_OBJC_ROOT_CLASS = YES_ERROR;
				CLANG_WARN_RANGE_LOOP_ANALYSIS = YES;
				CLANG_WARN_STRICT_PROTOTYPES = YES;
				CLANG_WARN_SUSPICIOUS_MOVE = YES;
				CLANG_WARN_UNGUARDED_AVAILABILITY = YES_AGGRESSIVE;
				CLANG_WARN_UNREACHABLE_CODE = YES;
				CLANG_WARN__DUPLICATE_METHOD_MATCH = YES;
				CODE_SIGN_IDENTITY = "iPhone Developer";
				COPY_PHASE_STRIP = NO;
				DEBUG_INFORMATION_FORMAT = dwarf;
				ENABLE_STRICT_OBJC_MSGSEND = YES;
				ENABLE_TESTABILITY = YES;
				GCC_C_LANGUAGE_STANDARD = gnu11;
				GCC_DYNAMIC_NO_PIC = NO;
				GCC_NO_COMMON_BLOCKS = YES;
				GCC_OPTIMIZATION_LEVEL = 0;
				GCC_PREPROCESSOR_DEFINITIONS = (
					"DEBUG=1",
					"$(inherited)",
				);
				GCC_WARN_64_TO_32_BIT_CONVERSION = YES;
				GCC_WARN_ABOUT_RETURN_TYPE = YES_ERROR;
				GCC_WARN_UNDECLARED_SELECTOR = YES;
				GCC_WARN_UNINITIALIZED_AUTOS = YES_AGGRESSIVE;
				GCC_WARN_UNUSED_FUNCTION = YES;
				GCC_WARN_UNUSED_VARIABLE = YES;
				IPHONEOS_DEPLOYMENT_TARGET = 12.2;
				MTL_ENABLE_DEBUG_INFO = INCLUDE_SOURCE;
				MTL_FAST_MATH = YES;
				ONLY_ACTIVE_ARCH = YES;
				SDKROOT = iphoneos;
				SWIFT_ACTIVE_COMPILATION_CONDITIONS = DEBUG;
				SWIFT_OPTIMIZATION_LEVEL = "-Onone";
			};
			name = Debug;
		};
		0A208D5222DD1B4B0056A5FE /* Release */ = {
			isa = XCBuildConfiguration;
			buildSettings = {
				ALWAYS_SEARCH_USER_PATHS = NO;
				CLANG_ANALYZER_NONNULL = YES;
				CLANG_ANALYZER_NUMBER_OBJECT_CONVERSION = YES_AGGRESSIVE;
				CLANG_CXX_LANGUAGE_STANDARD = "gnu++14";
				CLANG_CXX_LIBRARY = "libc++";
				CLANG_ENABLE_MODULES = YES;
				CLANG_ENABLE_OBJC_ARC = YES;
				CLANG_ENABLE_OBJC_WEAK = YES;
				CLANG_WARN_BLOCK_CAPTURE_AUTORELEASING = YES;
				CLANG_WARN_BOOL_CONVERSION = YES;
				CLANG_WARN_COMMA = YES;
				CLANG_WARN_CONSTANT_CONVERSION = YES;
				CLANG_WARN_DEPRECATED_OBJC_IMPLEMENTATIONS = YES;
				CLANG_WARN_DIRECT_OBJC_ISA_USAGE = YES_ERROR;
				CLANG_WARN_DOCUMENTATION_COMMENTS = YES;
				CLANG_WARN_EMPTY_BODY = YES;
				CLANG_WARN_ENUM_CONVERSION = YES;
				CLANG_WARN_INFINITE_RECURSION = YES;
				CLANG_WARN_INT_CONVERSION = YES;
				CLANG_WARN_NON_LITERAL_NULL_CONVERSION = YES;
				CLANG_WARN_OBJC_IMPLICIT_RETAIN_SELF = YES;
				CLANG_WARN_OBJC_LITERAL_CONVERSION = YES;
				CLANG_WARN_OBJC_ROOT_CLASS = YES_ERROR;
				CLANG_WARN_RANGE_LOOP_ANALYSIS = YES;
				CLANG_WARN_STRICT_PROTOTYPES = YES;
				CLANG_WARN_SUSPICIOUS_MOVE = YES;
				CLANG_WARN_UNGUARDED_AVAILABILITY = YES_AGGRESSIVE;
				CLANG_WARN_UNREACHABLE_CODE = YES;
				CLANG_WARN__DUPLICATE_METHOD_MATCH = YES;
				CODE_SIGN_IDENTITY = "iPhone Developer";
				COPY_PHASE_STRIP = NO;
				DEBUG_INFORMATION_FORMAT = "dwarf-with-dsym";
				ENABLE_NS_ASSERTIONS = NO;
				ENABLE_STRICT_OBJC_MSGSEND = YES;
				GCC_C_LANGUAGE_STANDARD = gnu11;
				GCC_NO_COMMON_BLOCKS = YES;
				GCC_WARN_64_TO_32_BIT_CONVERSION = YES;
				GCC_WARN_ABOUT_RETURN_TYPE = YES_ERROR;
				GCC_WARN_UNDECLARED_SELECTOR = YES;
				GCC_WARN_UNINITIALIZED_AUTOS = YES_AGGRESSIVE;
				GCC_WARN_UNUSED_FUNCTION = YES;
				GCC_WARN_UNUSED_VARIABLE = YES;
				IPHONEOS_DEPLOYMENT_TARGET = 12.2;
				MTL_ENABLE_DEBUG_INFO = NO;
				MTL_FAST_MATH = YES;
				SDKROOT = iphoneos;
				SWIFT_COMPILATION_MODE = wholemodule;
				SWIFT_OPTIMIZATION_LEVEL = "-O";
				VALIDATE_PRODUCT = YES;
			};
			name = Release;
		};
		0A208D5422DD1B4B0056A5FE /* Debug */ = {
			isa = XCBuildConfiguration;
			buildSettings = {
				ASSETCATALOG_COMPILER_APPICON_NAME = AppIcon;
				CODE_SIGN_STYLE = Automatic;
				DEVELOPMENT_TEAM = 3G2QJ72NVB;
				INFOPLIST_FILE = myfirstswiftapp/Info.plist;
				LD_RUNPATH_SEARCH_PATHS = (
					"$(inherited)",
					"@executable_path/Frameworks",
				);
				PRODUCT_BUNDLE_IDENTIFIER = sophia.myfirstswiftapp;
				PRODUCT_NAME = "$(TARGET_NAME)";
				SWIFT_VERSION = 5.0;
				TARGETED_DEVICE_FAMILY = "1,2";
			};
			name = Debug;
		};
		0A208D5522DD1B4B0056A5FE /* Release */ = {
			isa = XCBuildConfiguration;
			buildSettings = {
				ASSETCATALOG_COMPILER_APPICON_NAME = AppIcon;
				CODE_SIGN_STYLE = Automatic;
				DEVELOPMENT_TEAM = 3G2QJ72NVB;
				INFOPLIST_FILE = myfirstswiftapp/Info.plist;
				LD_RUNPATH_SEARCH_PATHS = (
					"$(inherited)",
					"@executable_path/Frameworks",
				);
				PRODUCT_BUNDLE_IDENTIFIER = sophia.myfirstswiftapp;
				PRODUCT_NAME = "$(TARGET_NAME)";
				SWIFT_VERSION = 5.0;
				TARGETED_DEVICE_FAMILY = "1,2";
			};
			name = Release;
		};
		0A208D5722DD1B4B0056A5FE /* Debug */ = {
			isa = XCBuildConfiguration;
			buildSettings = {
				ALWAYS_EMBED_SWIFT_STANDARD_LIBRARIES = YES;
				BUNDLE_LOADER = "$(TEST_HOST)";
				CODE_SIGN_STYLE = Automatic;
				INFOPLIST_FILE = myfirstswiftappTests/Info.plist;
				LD_RUNPATH_SEARCH_PATHS = (
					"$(inherited)",
					"@executable_path/Frameworks",
					"@loader_path/Frameworks",
				);
				PRODUCT_BUNDLE_IDENTIFIER = sophia.myfirstswiftappTests;
				PRODUCT_NAME = "$(TARGET_NAME)";
				SWIFT_VERSION = 5.0;
				TARGETED_DEVICE_FAMILY = "1,2";
				TEST_HOST = "$(BUILT_PRODUCTS_DIR)/myfirstswiftapp.app/myfirstswiftapp";
			};
			name = Debug;
		};
		0A208D5822DD1B4B0056A5FE /* Release */ = {
			isa = XCBuildConfiguration;
			buildSettings = {
				ALWAYS_EMBED_SWIFT_STANDARD_LIBRARIES = YES;
				BUNDLE_LOADER = "$(TEST_HOST)";
				CODE_SIGN_STYLE = Automatic;
				INFOPLIST_FILE = myfirstswiftappTests/Info.plist;
				LD_RUNPATH_SEARCH_PATHS = (
					"$(inherited)",
					"@executable_path/Frameworks",
					"@loader_path/Frameworks",
				);
				PRODUCT_BUNDLE_IDENTIFIER = sophia.myfirstswiftappTests;
				PRODUCT_NAME = "$(TARGET_NAME)";
				SWIFT_VERSION = 5.0;
				TARGETED_DEVICE_FAMILY = "1,2";
				TEST_HOST = "$(BUILT_PRODUCTS_DIR)/myfirstswiftapp.app/myfirstswiftapp";
			};
			name = Release;
		};
		0A208D5A22DD1B4B0056A5FE /* Debug */ = {
			isa = XCBuildConfiguration;
			buildSettings = {
				ALWAYS_EMBED_SWIFT_STANDARD_LIBRARIES = YES;
				CODE_SIGN_STYLE = Automatic;
				INFOPLIST_FILE = myfirstswiftappUITests/Info.plist;
				LD_RUNPATH_SEARCH_PATHS = (
					"$(inherited)",
					"@executable_path/Frameworks",
					"@loader_path/Frameworks",
				);
				PRODUCT_BUNDLE_IDENTIFIER = sophia.myfirstswiftappUITests;
				PRODUCT_NAME = "$(TARGET_NAME)";
				SWIFT_VERSION = 5.0;
				TARGETED_DEVICE_FAMILY = "1,2";
				TEST_TARGET_NAME = myfirstswiftapp;
			};
			name = Debug;
		};
		0A208D5B22DD1B4B0056A5FE /* Release */ = {
			isa = XCBuildConfiguration;
			buildSettings = {
				ALWAYS_EMBED_SWIFT_STANDARD_LIBRARIES = YES;
				CODE_SIGN_STYLE = Automatic;
				INFOPLIST_FILE = myfirstswiftappUITests/Info.plist;
				LD_RUNPATH_SEARCH_PATHS = (
					"$(inherited)",
					"@executable_path/Frameworks",
					"@loader_path/Frameworks",
				);
				PRODUCT_BUNDLE_IDENTIFIER = sophia.myfirstswiftappUITests;
				PRODUCT_NAME = "$(TARGET_NAME)";
				SWIFT_VERSION = 5.0;
				TARGETED_DEVICE_FAMILY = "1,2";
				TEST_TARGET_NAME = myfirstswiftapp;
			};
			name = Release;
		};
/* End XCBuildConfiguration section */

/* Begin XCConfigurationList section */
		0A208D2622DD1B480056A5FE /* Build configuration list for PBXProject "myfirstswiftapp" */ = {
			isa = XCConfigurationList;
			buildConfigurations = (
				0A208D5122DD1B4B0056A5FE /* Debug */,
				0A208D5222DD1B4B0056A5FE /* Release */,
			);
			defaultConfigurationIsVisible = 0;
			defaultConfigurationName = Release;
		};
		0A208D5322DD1B4B0056A5FE /* Build configuration list for PBXNativeTarget "myfirstswiftapp" */ = {
			isa = XCConfigurationList;
			buildConfigurations = (
				0A208D5422DD1B4B0056A5FE /* Debug */,
				0A208D5522DD1B4B0056A5FE /* Release */,
			);
			defaultConfigurationIsVisible = 0;
			defaultConfigurationName = Release;
		};
		0A208D5622DD1B4B0056A5FE /* Build configuration list for PBXNativeTarget "myfirstswiftappTests" */ = {
			isa = XCConfigurationList;
			buildConfigurations = (
				0A208D5722DD1B4B0056A5FE /* Debug */,
				0A208D5822DD1B4B0056A5FE /* Release */,
			);
			defaultConfigurationIsVisible = 0;
			defaultConfigurationName = Release;
		};
		0A208D5922DD1B4B0056A5FE /* Build configuration list for PBXNativeTarget "myfirstswiftappUITests" */ = {
			isa = XCConfigurationList;
			buildConfigurations = (
				0A208D5A22DD1B4B0056A5FE /* Debug */,
				0A208D5B22DD1B4B0056A5FE /* Release */,
			);
			defaultConfigurationIsVisible = 0;
			defaultConfigurationName = Release;
		};
/* End XCConfigurationList section */
	};
	rootObject = 0A208D2322DD1B480056A5FE /* Project object */;
}
